// !$*UTF8*$!
{
	archiveVersion = 1;
	classes = {
	};
	objectVersion = 56;
	objects = {

/* Begin PBXGroup section */
		E1EEAEA32A891C4F00B2A7BB = {
			isa = PBXGroup;
			children = (
			);
			sourceTree = "<group>";
		};
/* End PBXGroup section */

/* Begin PBXProject section */
		E1EEAEA42A891C4F00B2A7BB /* Project object */ = {
			isa = PBXProject;
			attributes = {
				BuildIndependentTargetsInParallel = 1;
				LastUpgradeCheck = 1430;
			};
			buildConfigurationList = E1EEAEA72A891C4F00B2A7BB /* Build configuration list for PBXProject "RaspiAlarmApp" */;
			compatibilityVersion = "Xcode 14.0";
			developmentRegion = en;
			hasScannedForEncodings = 0;
			knownRegions = (
				en,
				Base,
			);
			mainGroup = E1EEAEA32A891C4F00B2A7BB;
			projectDirPath = "";
			projectRoot = "";
			targets = (
			);
		};
/* End PBXProject section */

/* Begin XCBuildConfiguration section */
		E1EEAEA82A891C4F00B2A7BB /* Debug */ = {
			isa = XCBuildConfiguration;
			buildSettings = {
			};
			name = Debug;
		};
		E1EEAEA92A891C4F00B2A7BB /* Release */ = {
			isa = XCBuildConfiguration;
			buildSettings = {
			};
			name = Release;
		};
/* End XCBuildConfiguration section */

/* Begin XCConfigurationList section */
		E1EEAEA72A891C4F00B2A7BB /* Build configuration list for PBXProject "RaspiAlarmApp" */ = {
			isa = XCConfigurationList;
			buildConfigurations = (
				E1EEAEA82A891C4F00B2A7BB /* Debug */,
				E1EEAEA92A891C4F00B2A7BB /* Release */,
			);
			defaultConfigurationIsVisible = 0;
			defaultConfigurationName = Release;
		};
/* End XCConfigurationList section */
	};
	rootObject = E1EEAEA42A891C4F00B2A7BB /* Project object */;
}
